
Microsoft Visual Studio Solution File, Format Version 12.00
# Visual Studio Version 16
VisualStudioVersion = 16.0.29201.188
MinimumVisualStudioVersion = 10.0.40219.1
Project("{FAE04EC0-301F-11D3-BF4B-00C04F79EFBC}") = "Messege", "Messege.csproj", "{6A43E97E-1186-4197-B66B-631639B7EB0F}"
EndProject
Global
	GlobalSection(SolutionConfigurationPlatforms) = preSolution
		Debug|Any CPU = Debug|Any CPU
		Release|Any CPU = Release|Any CPU
	EndGlobalSection
	GlobalSection(ProjectConfigurationPlatforms) = postSolution
		{6A43E97E-1186-4197-B66B-631639B7EB0F}.Debug|Any CPU.ActiveCfg = Debug|Any CPU
		{6A43E97E-1186-4197-B66B-631639B7EB0F}.Debug|Any CPU.Build.0 = Debug|Any CPU
		{6A43E97E-1186-4197-B66B-631639B7EB0F}.Release|Any CPU.ActiveCfg = Release|Any CPU
		{6A43E97E-1186-4197-B66B-631639B7EB0F}.Release|Any CPU.Build.0 = Release|Any CPU
	EndGlobalSection
	GlobalSection(SolutionProperties) = preSolution
		HideSolutionNode = FALSE
	EndGlobalSection
	GlobalSection(ExtensibilityGlobals) = postSolution
		SolutionGuid = {ADFD4654-ABCA-49F0-9325-2D36E017762E}
	EndGlobalSection
EndGlobal
